# This file was autogenerated by Stack.
# You should not edit this file by hand.
# For more information, please see the documentation at:
#   https://docs.haskellstack.org/en/stable/lock_files

packages:
- completed:
    hackage: aws-lambda-haskell-runtime-3.0.5@sha256:3bbb01d7f13a614c6abac697d48cfd3e55513acd1d127c77a780dc4debf22950,2938
    pantry-tree:
      size: 1560
      sha256: 574d75a01951f27e31c2eb2758d5a47a30353d9df9ba4852d64f2e0d04e4b258
  original:
    hackage: aws-lambda-haskell-runtime-3.0.5@sha256:3bbb01d7f13a614c6abac697d48cfd3e55513acd1d127c77a780dc4debf22950,2938
snapshots:
- completed:
    size: 488576
    url: https://raw.githubusercontent.com/commercialhaskell/stackage-snapshots/master/lts/15/0.yaml
    sha256: e4b6a87b47ec1cf63a7f1a0884a3b276fce2b0d174a10e8753c4f618e7983568
  original: lts-15.0
